
Microsoft Visual Studio Solution File, Format Version 12.00
# Visual Studio Version 16
VisualStudioVersion = 16.0.30104.148
MinimumVisualStudioVersion = 10.0.40219.1
Project("{FAE04EC0-301F-11D3-BF4B-00C04F79EFBC}") = "PDFwithRazorPages", "PDFwithRazorPages\PDFwithRazorPages.csproj", "{C24827A9-EFCC-438A-92E7-B53D77E6ED9C}"
EndProject
Global
	GlobalSection(SolutionConfigurationPlatforms) = preSolution
		Debug|Any CPU = Debug|Any CPU
		Release|Any CPU = Release|Any CPU
	EndGlobalSection
	GlobalSection(ProjectConfigurationPlatforms) = postSolution
		{C24827A9-EFCC-438A-92E7-B53D77E6ED9C}.Debug|Any CPU.ActiveCfg = Debug|Any CPU
		{C24827A9-EFCC-438A-92E7-B53D77E6ED9C}.Debug|Any CPU.Build.0 = Debug|Any CPU
		{C24827A9-EFCC-438A-92E7-B53D77E6ED9C}.Release|Any CPU.ActiveCfg = Release|Any CPU
		{C24827A9-EFCC-438A-92E7-B53D77E6ED9C}.Release|Any CPU.Build.0 = Release|Any CPU
	EndGlobalSection
	GlobalSection(SolutionProperties) = preSolution
		HideSolutionNode = FALSE
	EndGlobalSection
	GlobalSection(ExtensibilityGlobals) = postSolution
		SolutionGuid = {E4D9CA20-2413-4632-BC01-1EB7AF957591}
	EndGlobalSection
EndGlobal
